Microsoft Visual Studio Solution File, Format Version 12.00
# Visual Studio Version 17
VisualStudioVersion = 17.14.35906.104
MinimumVisualStudioVersion = 10.0.40219.1
Project("{FAE04EC0-301F-11D3-BF4B-00C04F79EFBC}") = "Riverside.CompilerPlatform.SourceGenerators", "src\Riverside.CompilerPlatform.SourceGenerators\Riverside.CompilerPlatform.SourceGenerators.csproj", "{A478D15C-C89D-4408-AB2C-4FA0EBC01B67}"
EndProject
Project("{FAE04EC0-301F-11D3-BF4B-00C04F79EFBC}") = "Riverside.CompilerPlatform.CSharp.Tests", "tests\Riverside.CompilerPlatform.CSharp.SourceGenerators.Tests\Riverside.CompilerPlatform.CSharp.Tests.csproj", "{AA7B5994-0C82-4AB3-B3E0-2E733ADC0145}"
EndProject
Project("{FAE04EC0-301F-11D3-BF4B-00C04F79EFBC}") = "Riverside.CompilerPlatform.Analyzers", "src\Riverside.CompilerPlatform.Analyzers\Riverside.CompilerPlatform.Analyzers.csproj", "{2A4AFA3A-4D38-484C-95BE-D968C154E1EE}"
EndProject
Project("{FAE04EC0-301F-11D3-BF4B-00C04F79EFBC}") = "Riverside.CompilerPlatform.CodeFixers", "src\Riverside.CompilerPlatform.CodeFixers\Riverside.CompilerPlatform.CodeFixers.csproj", "{21CC7F39-3FEF-4037-BBEE-BF36F1AD178E}"
EndProject
Project("{2150E333-8FDC-42A3-9474-1A3956D46DE8}") = "src", "src", "{02EA681E-C7D8-13C7-8484-4AC65E1B71E8}"
EndProject
Project("{2150E333-8FDC-42A3-9474-1A3956D46DE8}") = "tests", "tests", "{0FE57CFC-5B31-4BFA-8EFD-7DC4368D3C9A}"
EndProject
Project("{FAE04EC0-301F-11D3-BF4B-00C04F79EFBC}") = "Riverside.CompilerPlatform.HighPerformance", "src\Riverside.CompilerPlatform.HighPerformance\Riverside.CompilerPlatform.HighPerformance.csproj", "{BE3A628A-7AF8-4534-A474-29B47E18936F}"
EndProject
Global
	GlobalSection(SolutionConfigurationPlatforms) = preSolution
		CSharp|Any CPU = CSharp|Any CPU
		VisualBasic|Any CPU = VisualBasic|Any CPU
	EndGlobalSection
	GlobalSection(ProjectConfigurationPlatforms) = postSolution
		{A478D15C-C89D-4408-AB2C-4FA0EBC01B67}.CSharp|Any CPU.ActiveCfg = CSharp|Any CPU
		{A478D15C-C89D-4408-AB2C-4FA0EBC01B67}.CSharp|Any CPU.Build.0 = CSharp|Any CPU
		{A478D15C-C89D-4408-AB2C-4FA0EBC01B67}.VisualBasic|Any CPU.ActiveCfg = VisualBasic|Any CPU
		{A478D15C-C89D-4408-AB2C-4FA0EBC01B67}.VisualBasic|Any CPU.Build.0 = VisualBasic|Any CPU
		{AA7B5994-0C82-4AB3-B3E0-2E733ADC0145}.CSharp|Any CPU.ActiveCfg = Release|Any CPU
		{AA7B5994-0C82-4AB3-B3E0-2E733ADC0145}.CSharp|Any CPU.Build.0 = Release|Any CPU
		{AA7B5994-0C82-4AB3-B3E0-2E733ADC0145}.VisualBasic|Any CPU.ActiveCfg = Release|Any CPU
		{AA7B5994-0C82-4AB3-B3E0-2E733ADC0145}.VisualBasic|Any CPU.Build.0 = Release|Any CPU
		{2A4AFA3A-4D38-484C-95BE-D968C154E1EE}.CSharp|Any CPU.ActiveCfg = CSharp|Any CPU
		{2A4AFA3A-4D38-484C-95BE-D968C154E1EE}.CSharp|Any CPU.Build.0 = CSharp|Any CPU
		{2A4AFA3A-4D38-484C-95BE-D968C154E1EE}.VisualBasic|Any CPU.ActiveCfg = Release|Any CPU
		{2A4AFA3A-4D38-484C-95BE-D968C154E1EE}.VisualBasic|Any CPU.Build.0 = Release|Any CPU
		{21CC7F39-3FEF-4037-BBEE-BF36F1AD178E}.CSharp|Any CPU.ActiveCfg = CSharp|Any CPU
		{21CC7F39-3FEF-4037-BBEE-BF36F1AD178E}.CSharp|Any CPU.Build.0 = CSharp|Any CPU
		{21CC7F39-3FEF-4037-BBEE-BF36F1AD178E}.VisualBasic|Any CPU.ActiveCfg = Release|Any CPU
		{21CC7F39-3FEF-4037-BBEE-BF36F1AD178E}.VisualBasic|Any CPU.Build.0 = Release|Any CPU
		{BE3A628A-7AF8-4534-A474-29B47E18936F}.CSharp|Any CPU.ActiveCfg = CSharp|Any CPU
		{BE3A628A-7AF8-4534-A474-29B47E18936F}.CSharp|Any CPU.Build.0 = CSharp|Any CPU
		{BE3A628A-7AF8-4534-A474-29B47E18936F}.VisualBasic|Any CPU.ActiveCfg = Release|Any CPU
		{BE3A628A-7AF8-4534-A474-29B47E18936F}.VisualBasic|Any CPU.Build.0 = Release|Any CPU
	EndGlobalSection
	GlobalSection(SolutionProperties) = preSolution
		HideSolutionNode = FALSE
	EndGlobalSection
	GlobalSection(NestedProjects) = preSolution
		{A478D15C-C89D-4408-AB2C-4FA0EBC01B67} = {02EA681E-C7D8-13C7-8484-4AC65E1B71E8}
		{AA7B5994-0C82-4AB3-B3E0-2E733ADC0145} = {0FE57CFC-5B31-4BFA-8EFD-7DC4368D3C9A}
		{2A4AFA3A-4D38-484C-95BE-D968C154E1EE} = {02EA681E-C7D8-13C7-8484-4AC65E1B71E8}
		{21CC7F39-3FEF-4037-BBEE-BF36F1AD178E} = {02EA681E-C7D8-13C7-8484-4AC65E1B71E8}
		{BE3A628A-7AF8-4534-A474-29B47E18936F} = {02EA681E-C7D8-13C7-8484-4AC65E1B71E8}
	EndGlobalSection
	GlobalSection(ExtensibilityGlobals) = postSolution
		SolutionGuid = {FBC4E320-8D16-4BEF-BBFB-B662758E574C}
	EndGlobalSection
EndGlobal
